
Microsoft Visual Studio Solution File, Format Version 12.00
# Visual Studio Version 17
VisualStudioVersion = 17.7.34003.232
MinimumVisualStudioVersion = 10.0.40219.1
Project("{FAE04EC0-301F-11D3-BF4B-00C04F79EFBC}") = "App layer", "App layer\App layer.csproj", "{F9BEA6F6-4C52-4BD3-990A-270D20E52956}"
EndProject
Project("{FAE04EC0-301F-11D3-BF4B-00C04F79EFBC}") = "BLL", "BLL\BLL.csproj", "{68A48DE6-C43E-4DC9-81FD-11AF0E947894}"
EndProject
Project("{FAE04EC0-301F-11D3-BF4B-00C04F79EFBC}") = "DAL", "DAL\DAL.csproj", "{C3EA866C-CB7F-4289-9643-3F23DDC84F50}"
EndProject
Global
	GlobalSection(SolutionConfigurationPlatforms) = preSolution
		Debug|Any CPU = Debug|Any CPU
		Release|Any CPU = Release|Any CPU
	EndGlobalSection
	GlobalSection(ProjectConfigurationPlatforms) = postSolution
		{F9BEA6F6-4C52-4BD3-990A-270D20E52956}.Debug|Any CPU.ActiveCfg = Debug|Any CPU
		{F9BEA6F6-4C52-4BD3-990A-270D20E52956}.Debug|Any CPU.Build.0 = Debug|Any CPU
		{F9BEA6F6-4C52-4BD3-990A-270D20E52956}.Release|Any CPU.ActiveCfg = Release|Any CPU
		{F9BEA6F6-4C52-4BD3-990A-270D20E52956}.Release|Any CPU.Build.0 = Release|Any CPU
		{68A48DE6-C43E-4DC9-81FD-11AF0E947894}.Debug|Any CPU.ActiveCfg = Debug|Any CPU
		{68A48DE6-C43E-4DC9-81FD-11AF0E947894}.Debug|Any CPU.Build.0 = Debug|Any CPU
		{68A48DE6-C43E-4DC9-81FD-11AF0E947894}.Release|Any CPU.ActiveCfg = Release|Any CPU
		{68A48DE6-C43E-4DC9-81FD-11AF0E947894}.Release|Any CPU.Build.0 = Release|Any CPU
		{C3EA866C-CB7F-4289-9643-3F23DDC84F50}.Debug|Any CPU.ActiveCfg = Debug|Any CPU
		{C3EA866C-CB7F-4289-9643-3F23DDC84F50}.Debug|Any CPU.Build.0 = Debug|Any CPU
		{C3EA866C-CB7F-4289-9643-3F23DDC84F50}.Release|Any CPU.ActiveCfg = Release|Any CPU
		{C3EA866C-CB7F-4289-9643-3F23DDC84F50}.Release|Any CPU.Build.0 = Release|Any CPU
	EndGlobalSection
	GlobalSection(SolutionProperties) = preSolution
		HideSolutionNode = FALSE
	EndGlobalSection
	GlobalSection(ExtensibilityGlobals) = postSolution
		SolutionGuid = {57A20595-DCB1-42FF-B5BC-449F320CDA55}
	EndGlobalSection
EndGlobal
